// !$*UTF8*$!
{
	archiveVersion = 1;
	classes = {
	};
	objectVersion = 46;
	objects = {

/* Begin PBXBuildFile section */
		3C2458631900D51100A98258 /* Foundation.framework in Frameworks */ = {isa = PBXBuildFile; fileRef = 3C2458621900D51100A98258 /* Foundation.framework */; };
		3C2458681900D51200A98258 /* uexDynamicDemo.h in CopyFiles */ = {isa = PBXBuildFile; fileRef = 3C2458671900D51200A98258 /* uexDynamicDemo.h */; };
		3C24586A1900D51200A98258 /* uexDynamicDemo.m in Sources */ = {isa = PBXBuildFile; fileRef = 3C2458691900D51200A98258 /* uexDynamicDemo.m */; };
		3C24588E1900D57100A98258 /* QuartzCore.framework in Frameworks */ = {isa = PBXBuildFile; fileRef = 3C24588D1900D57100A98258 /* QuartzCore.framework */; };
		3C2458901900D57F00A98258 /* CoreGraphics.framework in Frameworks */ = {isa = PBXBuildFile; fileRef = 3C24588F1900D57F00A98258 /* CoreGraphics.framework */; };
		3C2458921900D58500A98258 /* SystemConfiguration.framework in Frameworks */ = {isa = PBXBuildFile; fileRef = 3C2458911900D58500A98258 /* SystemConfiguration.framework */; };
		3C2458941900D58B00A98258 /* MobileCoreServices.framework in Frameworks */ = {isa = PBXBuildFile; fileRef = 3C2458931900D58B00A98258 /* MobileCoreServices.framework */; };
		3C2458961900D59100A98258 /* CoreTelephony.framework in Frameworks */ = {isa = PBXBuildFile; fileRef = 3C2458951900D59100A98258 /* CoreTelephony.framework */; };
		3C2458981900D59700A98258 /* MapKit.framework in Frameworks */ = {isa = PBXBuildFile; fileRef = 3C2458971900D59700A98258 /* MapKit.framework */; };
		3C24589A1900D59C00A98258 /* AudioToolbox.framework in Frameworks */ = {isa = PBXBuildFile; fileRef = 3C2458991900D59C00A98258 /* AudioToolbox.framework */; };
		3C24589C1900D5A400A98258 /* UIKit.framework in Frameworks */ = {isa = PBXBuildFile; fileRef = 3C24589B1900D5A400A98258 /* UIKit.framework */; };
		3C24589E1900D5AB00A98258 /* libz.dylib in Frameworks */ = {isa = PBXBuildFile; fileRef = 3C24589D1900D5AB00A98258 /* libz.dylib */; };
		3C2458A01900D5B300A98258 /* libsqlite3.dylib in Frameworks */ = {isa = PBXBuildFile; fileRef = 3C24589F1900D5B300A98258 /* libsqlite3.dylib */; };
		F7DD0D811A512CC6005EC715 /* libAppCanEngine_IOS.a in Frameworks */ = {isa = PBXBuildFile; fileRef = F7DD0D801A512CC6005EC715 /* libAppCanEngine_IOS.a */; };
/* End PBXBuildFile section */

/* Begin PBXCopyFilesBuildPhase section */
		3C24585D1900D51100A98258 /* CopyFiles */ = {
			isa = PBXCopyFilesBuildPhase;
			buildActionMask = 2147483647;
			dstPath = "include/$(PRODUCT_NAME)";
			dstSubfolderSpec = 16;
			files = (
				3C2458681900D51200A98258 /* uexDynamicDemo.h in CopyFiles */,
			);
			runOnlyForDeploymentPostprocessing = 0;
		};
/* End PBXCopyFilesBuildPhase section */

/* Begin PBXFileReference section */
		3C24585F1900D51100A98258 /* uexDynamicDemo.dylib */ = {isa = PBXFileReference; explicitFileType = "compiled.mach-o.dylib"; includeInIndex = 0; path = uexDynamicDemo.dylib; sourceTree = BUILT_PRODUCTS_DIR; };
		3C2458621900D51100A98258 /* Foundation.framework */ = {isa = PBXFileReference; lastKnownFileType = wrapper.framework; name = Foundation.framework; path = System/Library/Frameworks/Foundation.framework; sourceTree = SDKROOT; };
		3C2458661900D51100A98258 /* uexDynamicDemo-Prefix.pch */ = {isa = PBXFileReference; lastKnownFileType = sourcecode.c.h; path = "uexDynamicDemo-Prefix.pch"; sourceTree = "<group>"; };
		3C2458671900D51200A98258 /* uexDynamicDemo.h */ = {isa = PBXFileReference; lastKnownFileType = sourcecode.c.h; path = uexDynamicDemo.h; sourceTree = "<group>"; };
		3C2458691900D51200A98258 /* uexDynamicDemo.m */ = {isa = PBXFileReference; lastKnownFileType = sourcecode.c.objc; path = uexDynamicDemo.m; sourceTree = "<group>"; };
		3C24588A1900D53700A98258 /* EUExBase.h */ = {isa = PBXFileReference; fileEncoding = 4; lastKnownFileType = sourcecode.c.h; path = EUExBase.h; sourceTree = "<group>"; };
		3C24588B1900D53700A98258 /* EUExBaseDefine.h */ = {isa = PBXFileReference; fileEncoding = 4; lastKnownFileType = sourcecode.c.h; path = EUExBaseDefine.h; sourceTree = "<group>"; };
		3C24588C1900D53700A98258 /* EUtility.h */ = {isa = PBXFileReference; fileEncoding = 4; lastKnownFileType = sourcecode.c.h; path = EUtility.h; sourceTree = "<group>"; };
		3C24588D1900D57100A98258 /* QuartzCore.framework */ = {isa = PBXFileReference; lastKnownFileType = wrapper.framework; name = QuartzCore.framework; path = System/Library/Frameworks/QuartzCore.framework; sourceTree = SDKROOT; };
		3C24588F1900D57F00A98258 /* CoreGraphics.framework */ = {isa = PBXFileReference; lastKnownFileType = wrapper.framework; name = CoreGraphics.framework; path = System/Library/Frameworks/CoreGraphics.framework; sourceTree = SDKROOT; };
		3C2458911900D58500A98258 /* SystemConfiguration.framework */ = {isa = PBXFileReference; lastKnownFileType = wrapper.framework; name = SystemConfiguration.framework; path = System/Library/Frameworks/SystemConfiguration.framework; sourceTree = SDKROOT; };
		3C2458931900D58B00A98258 /* MobileCoreServices.framework */ = {isa = PBXFileReference; lastKnownFileType = wrapper.framework; name = MobileCoreServices.framework; path = System/Library/Frameworks/MobileCoreServices.framework; sourceTree = SDKROOT; };
		3C2458951900D59100A98258 /* CoreTelephony.framework */ = {isa = PBXFileReference; lastKnownFileType = wrapper.framework; name = CoreTelephony.framework; path = System/Library/Frameworks/CoreTelephony.framework; sourceTree = SDKROOT; };
		3C2458971900D59700A98258 /* MapKit.framework */ = {isa = PBXFileReference; lastKnownFileType = wrapper.framework; name = MapKit.framework; path = System/Library/Frameworks/MapKit.framework; sourceTree = SDKROOT; };
		3C2458991900D59C00A98258 /* AudioToolbox.framework */ = {isa = PBXFileReference; lastKnownFileType = wrapper.framework; name = AudioToolbox.framework; path = System/Library/Frameworks/AudioToolbox.framework; sourceTree = SDKROOT; };
		3C24589B1900D5A400A98258 /* UIKit.framework */ = {isa = PBXFileReference; lastKnownFileType = wrapper.framework; name = UIKit.framework; path = System/Library/Frameworks/UIKit.framework; sourceTree = SDKROOT; };
		3C24589D1900D5AB00A98258 /* libz.dylib */ = {isa = PBXFileReference; lastKnownFileType = "compiled.mach-o.dylib"; name = libz.dylib; path = usr/lib/libz.dylib; sourceTree = SDKROOT; };
		3C24589F1900D5B300A98258 /* libsqlite3.dylib */ = {isa = PBXFileReference; lastKnownFileType = "compiled.mach-o.dylib"; name = libsqlite3.dylib; path = usr/lib/libsqlite3.dylib; sourceTree = SDKROOT; };
		F7DD0D801A512CC6005EC715 /* libAppCanEngine_IOS.a */ = {isa = PBXFileReference; lastKnownFileType = archive.ar; name = libAppCanEngine_IOS.a; path = uexDynamicDemo/libAppCanEngine_IOS.a; sourceTree = "<group>"; };
/* End PBXFileReference section */

/* Begin PBXFrameworksBuildPhase section */
		3C24585C1900D51100A98258 /* Frameworks */ = {
			isa = PBXFrameworksBuildPhase;
			buildActionMask = 2147483647;
			files = (
				3C2458A01900D5B300A98258 /* libsqlite3.dylib in Frameworks */,
				3C24589E1900D5AB00A98258 /* libz.dylib in Frameworks */,
				3C24589C1900D5A400A98258 /* UIKit.framework in Frameworks */,
				3C24589A1900D59C00A98258 /* AudioToolbox.framework in Frameworks */,
				3C2458981900D59700A98258 /* MapKit.framework in Frameworks */,
				3C2458961900D59100A98258 /* CoreTelephony.framework in Frameworks */,
				3C2458941900D58B00A98258 /* MobileCoreServices.framework in Frameworks */,
				3C2458921900D58500A98258 /* SystemConfiguration.framework in Frameworks */,
				3C2458901900D57F00A98258 /* CoreGraphics.framework in Frameworks */,
				3C24588E1900D57100A98258 /* QuartzCore.framework in Frameworks */,
				F7DD0D811A512CC6005EC715 /* libAppCanEngine_IOS.a in Frameworks */,
				3C2458631900D51100A98258 /* Foundation.framework in Frameworks */,
			);
			runOnlyForDeploymentPostprocessing = 0;
		};
/* End PBXFrameworksBuildPhase section */

/* Begin PBXGroup section */
		3C2458561900D51100A98258 = {
			isa = PBXGroup;
			children = (
				3C2458641900D51100A98258 /* uexDynamicDemo */,
				3C2458611900D51100A98258 /* Frameworks */,
				3C2458601900D51100A98258 /* Products */,
			);
			sourceTree = "<group>";
		};
		3C2458601900D51100A98258 /* Products */ = {
			isa = PBXGroup;
			children = (
				3C24585F1900D51100A98258 /* uexDynamicDemo.dylib */,
			);
			name = Products;
			sourceTree = "<group>";
		};
		3C2458611900D51100A98258 /* Frameworks */ = {
			isa = PBXGroup;
			children = (
				F7DD0D801A512CC6005EC715 /* libAppCanEngine_IOS.a */,
				3C24589F1900D5B300A98258 /* libsqlite3.dylib */,
				3C24589D1900D5AB00A98258 /* libz.dylib */,
				3C24589B1900D5A400A98258 /* UIKit.framework */,
				3C2458991900D59C00A98258 /* AudioToolbox.framework */,
				3C2458971900D59700A98258 /* MapKit.framework */,
				3C2458951900D59100A98258 /* CoreTelephony.framework */,
				3C2458931900D58B00A98258 /* MobileCoreServices.framework */,
				3C2458911900D58500A98258 /* SystemConfiguration.framework */,
				3C24588F1900D57F00A98258 /* CoreGraphics.framework */,
				3C24588D1900D57100A98258 /* QuartzCore.framework */,
				3C2458621900D51100A98258 /* Foundation.framework */,
			);
			name = Frameworks;
			sourceTree = "<group>";
		};
		3C2458641900D51100A98258 /* uexDynamicDemo */ = {
			isa = PBXGroup;
			children = (
				3C2458671900D51200A98258 /* uexDynamicDemo.h */,
				3C2458691900D51200A98258 /* uexDynamicDemo.m */,
				3C24588A1900D53700A98258 /* EUExBase.h */,
				3C24588B1900D53700A98258 /* EUExBaseDefine.h */,
				3C24588C1900D53700A98258 /* EUtility.h */,
				3C2458651900D51100A98258 /* Supporting Files */,
			);
			path = uexDynamicDemo;
			sourceTree = "<group>";
		};
		3C2458651900D51100A98258 /* Supporting Files */ = {
			isa = PBXGroup;
			children = (
				3C2458661900D51100A98258 /* uexDynamicDemo-Prefix.pch */,
			);
			name = "Supporting Files";
			sourceTree = "<group>";
		};
/* End PBXGroup section */

/* Begin PBXNativeTarget section */
		3C24585E1900D51100A98258 /* uexDynamicDemo */ = {
			isa = PBXNativeTarget;
			buildConfigurationList = 3C2458821900D51200A98258 /* Build configuration list for PBXNativeTarget "uexDynamicDemo" */;
			buildPhases = (
				3C24585B1900D51100A98258 /* Sources */,
				3C24585C1900D51100A98258 /* Frameworks */,
				3C24585D1900D51100A98258 /* CopyFiles */,
			);
			buildRules = (
			);
			dependencies = (
			);
			name = uexDynamicDemo;
			productName = uexDynamicDemo;
			productReference = 3C24585F1900D51100A98258 /* uexDynamicDemo.dylib */;
			productType = "com.apple.product-type.library.dynamic";
		};
/* End PBXNativeTarget section */

/* Begin PBXProject section */
		3C2458571900D51100A98258 /* Project object */ = {
			isa = PBXProject;
			attributes = {
				LastUpgradeCheck = 0500;
				ORGANIZATIONNAME = demo;
			};
			buildConfigurationList = 3C24585A1900D51100A98258 /* Build configuration list for PBXProject "uexDynamicDemo" */;
			compatibilityVersion = "Xcode 3.2";
			developmentRegion = English;
			hasScannedForEncodings = 0;
			knownRegions = (
				en,
			);
			mainGroup = 3C2458561900D51100A98258;
			productRefGroup = 3C2458601900D51100A98258 /* Products */;
			projectDirPath = "";
			projectRoot = "";
			targets = (
				3C24585E1900D51100A98258 /* uexDynamicDemo */,
			);
		};
/* End PBXProject section */

/* Begin PBXSourcesBuildPhase section */
		3C24585B1900D51100A98258 /* Sources */ = {
			isa = PBXSourcesBuildPhase;
			buildActionMask = 2147483647;
			files = (
				3C24586A1900D51200A98258 /* uexDynamicDemo.m in Sources */,
			);
			runOnlyForDeploymentPostprocessing = 0;
		};
/* End PBXSourcesBuildPhase section */

/* Begin XCBuildConfiguration section */
		3C2458801900D51200A98258 /* Debug */ = {
			isa = XCBuildConfiguration;
			buildSettings = {
				ALWAYS_SEARCH_USER_PATHS = NO;
				ARCHS = "$(ARCHS_STANDARD_INCLUDING_64_BIT)";
				CLANG_CXX_LANGUAGE_STANDARD = "gnu++0x";
				CLANG_CXX_LIBRARY = "libc++";
				CLANG_ENABLE_MODULES = YES;
				CLANG_ENABLE_OBJC_ARC = YES;
				CLANG_WARN_BOOL_CONVERSION = YES;
				CLANG_WARN_CONSTANT_CONVERSION = YES;
				CLANG_WARN_DIRECT_OBJC_ISA_USAGE = YES_ERROR;
				CLANG_WARN_EMPTY_BODY = YES;
				CLANG_WARN_ENUM_CONVERSION = YES;
				CLANG_WARN_INT_CONVERSION = YES;
				CLANG_WARN_OBJC_ROOT_CLASS = YES_ERROR;
				CLANG_WARN__DUPLICATE_METHOD_MATCH = YES;
				COPY_PHASE_STRIP = NO;
				GCC_C_LANGUAGE_STANDARD = gnu99;
				GCC_DYNAMIC_NO_PIC = NO;
				GCC_OPTIMIZATION_LEVEL = 0;
				GCC_PREPROCESSOR_DEFINITIONS = (
					"DEBUG=1",
					"$(inherited)",
				);
				GCC_SYMBOLS_PRIVATE_EXTERN = NO;
				GCC_WARN_64_TO_32_BIT_CONVERSION = YES;
				GCC_WARN_ABOUT_RETURN_TYPE = YES_ERROR;
				GCC_WARN_UNDECLARED_SELECTOR = YES;
				GCC_WARN_UNINITIALIZED_AUTOS = YES;
				GCC_WARN_UNUSED_FUNCTION = YES;
				GCC_WARN_UNUSED_VARIABLE = YES;
				IPHONEOS_DEPLOYMENT_TARGET = 4.3;
				ONLY_ACTIVE_ARCH = YES;
				SDKROOT = iphoneos;
				VALID_ARCHS = "armv7 armv7s";
			};
			name = Debug;
		};
		3C2458811900D51200A98258 /* Release */ = {
			isa = XCBuildConfiguration;
			buildSettings = {
				ALWAYS_SEARCH_USER_PATHS = NO;
				ARCHS = "$(ARCHS_STANDARD_INCLUDING_64_BIT)";
				CLANG_CXX_LANGUAGE_STANDARD = "gnu++0x";
				CLANG_CXX_LIBRARY = "libc++";
				CLANG_ENABLE_MODULES = YES;
				CLANG_ENABLE_OBJC_ARC = YES;
				CLANG_WARN_BOOL_CONVERSION = YES;
				CLANG_WARN_CONSTANT_CONVERSION = YES;
				CLANG_WARN_DIRECT_OBJC_ISA_USAGE = YES_ERROR;
				CLANG_WARN_EMPTY_BODY = YES;
				CLANG_WARN_ENUM_CONVERSION = YES;
				CLANG_WARN_INT_CONVERSION = YES;
				CLANG_WARN_OBJC_ROOT_CLASS = YES_ERROR;
				CLANG_WARN__DUPLICATE_METHOD_MATCH = YES;
				COPY_PHASE_STRIP = YES;
				ENABLE_NS_ASSERTIONS = NO;
				GCC_C_LANGUAGE_STANDARD = gnu99;
				GCC_WARN_64_TO_32_BIT_CONVERSION = YES;
				GCC_WARN_ABOUT_RETURN_TYPE = YES_ERROR;
				GCC_WARN_UNDECLARED_SELECTOR = YES;
				GCC_WARN_UNINITIALIZED_AUTOS = YES;
				GCC_WARN_UNUSED_FUNCTION = YES;
				GCC_WARN_UNUSED_VARIABLE = YES;
				IPHONEOS_DEPLOYMENT_TARGET = 4.3;
				SDKROOT = iphoneos;
				VALIDATE_PRODUCT = YES;
				VALID_ARCHS = "armv7 armv7s";
			};
			name = Release;
		};
		3C2458831900D51200A98258 /* Debug */ = {
			isa = XCBuildConfiguration;
			buildSettings = {
				ARCHS = "$(ARCHS_STANDARD)";
				CODE_SIGN_IDENTITY = "iPhone Developer: Wang GuoChun (GJL3LN9D59)";
				DSTROOT = /tmp/uexDynamicDemo.dst;
				GCC_PRECOMPILE_PREFIX_HEADER = YES;
				GCC_PREFIX_HEADER = "uexDynamicDemo/uexDynamicDemo-Prefix.pch";
				LIBRARY_SEARCH_PATHS = (
					"$(inherited)",
					"$(SRCROOT)/uexDynamicDemo",
					"$(PROJECT_DIR)/uexDynamicDemo",
					"$(PROJECT_DIR)",
				);
				ONLY_ACTIVE_ARCH = NO;
				OTHER_LDFLAGS = "-ObjC";
				PRODUCT_NAME = "$(TARGET_NAME)";
				SKIP_INSTALL = YES;
				VALID_ARCHS = "armv7 armv7s";
			};
			name = Debug;
		};
		3C2458841900D51200A98258 /* Release */ = {
			isa = XCBuildConfiguration;
			buildSettings = {
				ARCHS = "$(ARCHS_STANDARD)";
				CODE_SIGN_IDENTITY = "iPhone Developer: Wang GuoChun (GJL3LN9D59)";
				DSTROOT = /tmp/uexDynamicDemo.dst;
				GCC_PRECOMPILE_PREFIX_HEADER = YES;
				GCC_PREFIX_HEADER = "uexDynamicDemo/uexDynamicDemo-Prefix.pch";
				LIBRARY_SEARCH_PATHS = (
					"$(inherited)",
					"$(SRCROOT)/uexDynamicDemo",
					"$(PROJECT_DIR)/uexDynamicDemo",
					"$(PROJECT_DIR)",
				);
				OTHER_LDFLAGS = "-ObjC";
				PRODUCT_NAME = "$(TARGET_NAME)";
				SKIP_INSTALL = YES;
				VALID_ARCHS = "armv7 armv7s";
			};
			name = Release;
		};
/* End XCBuildConfiguration section */

/* Begin XCConfigurationList section */
		3C24585A1900D51100A98258 /* Build configuration list for PBXProject "uexDynamicDemo" */ = {
			isa = XCConfigurationList;
			buildConfigurations = (
				3C2458801900D51200A98258 /* Debug */,
				3C2458811900D51200A98258 /* Release */,
			);
			defaultConfigurationIsVisible = 0;
			defaultConfigurationName = Release;
		};
		3C2458821900D51200A98258 /* Build configuration list for PBXNativeTarget "uexDynamicDemo" */ = {
			isa = XCConfigurationList;
			buildConfigurations = (
				3C2458831900D51200A98258 /* Debug */,
				3C2458841900D51200A98258 /* Release */,
			);
			defaultConfigurationIsVisible = 0;
			defaultConfigurationName = Release;
		};
/* End XCConfigurationList section */
	};
	rootObject = 3C2458571900D51100A98258 /* Project object */;
}
