// !$*UTF8*$!
{
	archiveVersion = 1;
	classes = {
	};
	objectVersion = 46;
	objects = {

/* Begin PBXBuildFile section */
		A00E9CEB171646C0000CA587 /* Foundation.framework in Frameworks */ = {isa = PBXBuildFile; fileRef = A00E9CEA171646C0000CA587 /* Foundation.framework */; };
		A00E9CF0171646C0000CA587 /* EUExDemo.h in CopyFiles */ = {isa = PBXBuildFile; fileRef = A00E9CEF171646C0000CA587 /* EUExDemo.h */; };
		A00E9CF2171646C0000CA587 /* EUExDemo.m in Sources */ = {isa = PBXBuildFile; fileRef = A00E9CF1171646C0000CA587 /* EUExDemo.m */; };
/* End PBXBuildFile section */

/* Begin PBXCopyFilesBuildPhase section */
		A00E9CE5171646C0000CA587 /* CopyFiles */ = {
			isa = PBXCopyFilesBuildPhase;
			buildActionMask = 2147483647;
			dstPath = "include/${PRODUCT_NAME}";
			dstSubfolderSpec = 16;
			files = (
				A00E9CF0171646C0000CA587 /* EUExDemo.h in CopyFiles */,
			);
			runOnlyForDeploymentPostprocessing = 0;
		};
/* End PBXCopyFilesBuildPhase section */

/* Begin PBXFileReference section */
		A00E9CE7171646C0000CA587 /* libuexDemo.a */ = {isa = PBXFileReference; explicitFileType = archive.ar; includeInIndex = 0; path = libuexDemo.a; sourceTree = BUILT_PRODUCTS_DIR; };
		A00E9CEA171646C0000CA587 /* Foundation.framework */ = {isa = PBXFileReference; lastKnownFileType = wrapper.framework; name = Foundation.framework; path = System/Library/Frameworks/Foundation.framework; sourceTree = SDKROOT; };
		A00E9CEE171646C0000CA587 /* EUExDemo-Prefix.pch */ = {isa = PBXFileReference; lastKnownFileType = sourcecode.c.h; path = "EUExDemo-Prefix.pch"; sourceTree = "<group>"; };
		A00E9CEF171646C0000CA587 /* EUExDemo.h */ = {isa = PBXFileReference; lastKnownFileType = sourcecode.c.h; path = EUExDemo.h; sourceTree = "<group>"; };
		A00E9CF1171646C0000CA587 /* EUExDemo.m */ = {isa = PBXFileReference; lastKnownFileType = sourcecode.c.objc; path = EUExDemo.m; sourceTree = "<group>"; };
		A068336018D1425B000647D9 /* JSON.h */ = {isa = PBXFileReference; fileEncoding = 4; lastKnownFileType = sourcecode.c.h; path = JSON.h; sourceTree = "<group>"; };
		A068336118D1425B000647D9 /* JSONParser.h */ = {isa = PBXFileReference; fileEncoding = 4; lastKnownFileType = sourcecode.c.h; path = JSONParser.h; sourceTree = "<group>"; };
		A068336218D1425B000647D9 /* NSObject+SBJSON.h */ = {isa = PBXFileReference; fileEncoding = 4; lastKnownFileType = sourcecode.c.h; path = "NSObject+SBJSON.h"; sourceTree = "<group>"; };
		A068336318D1425B000647D9 /* NSString+SBJSON.h */ = {isa = PBXFileReference; fileEncoding = 4; lastKnownFileType = sourcecode.c.h; path = "NSString+SBJSON.h"; sourceTree = "<group>"; };
		A068336418D1425B000647D9 /* SBJSON.h */ = {isa = PBXFileReference; fileEncoding = 4; lastKnownFileType = sourcecode.c.h; path = SBJSON.h; sourceTree = "<group>"; };
		A068336518D1425B000647D9 /* SBJsonBase.h */ = {isa = PBXFileReference; fileEncoding = 4; lastKnownFileType = sourcecode.c.h; path = SBJsonBase.h; sourceTree = "<group>"; };
		A068336618D1425B000647D9 /* SBJsonParser.h */ = {isa = PBXFileReference; fileEncoding = 4; lastKnownFileType = sourcecode.c.h; path = SBJsonParser.h; sourceTree = "<group>"; };
		A068336718D1425B000647D9 /* SBJsonWriter.h */ = {isa = PBXFileReference; fileEncoding = 4; lastKnownFileType = sourcecode.c.h; path = SBJsonWriter.h; sourceTree = "<group>"; };
		A0DCAD65171CDD71000BCFF5 /* EUExBase.h */ = {isa = PBXFileReference; fileEncoding = 4; lastKnownFileType = sourcecode.c.h; path = EUExBase.h; sourceTree = "<group>"; };
		A0DCAD66171CDD71000BCFF5 /* EUExBaseDefine.h */ = {isa = PBXFileReference; fileEncoding = 4; lastKnownFileType = sourcecode.c.h; path = EUExBaseDefine.h; sourceTree = "<group>"; };
		A0DCAD67171CDD71000BCFF5 /* EUtility.h */ = {isa = PBXFileReference; fileEncoding = 4; lastKnownFileType = sourcecode.c.h; path = EUtility.h; sourceTree = "<group>"; };
/* End PBXFileReference section */

/* Begin PBXFrameworksBuildPhase section */
		A00E9CE4171646C0000CA587 /* Frameworks */ = {
			isa = PBXFrameworksBuildPhase;
			buildActionMask = 2147483647;
			files = (
				A00E9CEB171646C0000CA587 /* Foundation.framework in Frameworks */,
			);
			runOnlyForDeploymentPostprocessing = 0;
		};
/* End PBXFrameworksBuildPhase section */

/* Begin PBXGroup section */
		A00E9CDC171646C0000CA587 = {
			isa = PBXGroup;
			children = (
				A00E9CEC171646C0000CA587 /* EUExDemo */,
				A00E9CE9171646C0000CA587 /* Frameworks */,
				A00E9CE8171646C0000CA587 /* Products */,
			);
			sourceTree = "<group>";
		};
		A00E9CE8171646C0000CA587 /* Products */ = {
			isa = PBXGroup;
			children = (
				A00E9CE7171646C0000CA587 /* libuexDemo.a */,
			);
			name = Products;
			sourceTree = "<group>";
		};
		A00E9CE9171646C0000CA587 /* Frameworks */ = {
			isa = PBXGroup;
			children = (
				A00E9CEA171646C0000CA587 /* Foundation.framework */,
			);
			name = Frameworks;
			sourceTree = "<group>";
		};
		A00E9CEC171646C0000CA587 /* EUExDemo */ = {
			isa = PBXGroup;
			children = (
				A068335F18D1425B000647D9 /* JSON */,
				A0DCAD65171CDD71000BCFF5 /* EUExBase.h */,
				A0DCAD66171CDD71000BCFF5 /* EUExBaseDefine.h */,
				A0DCAD67171CDD71000BCFF5 /* EUtility.h */,
				A00E9CEF171646C0000CA587 /* EUExDemo.h */,
				A00E9CF1171646C0000CA587 /* EUExDemo.m */,
				A00E9CED171646C0000CA587 /* Supporting Files */,
			);
			path = EUExDemo;
			sourceTree = "<group>";
		};
		A00E9CED171646C0000CA587 /* Supporting Files */ = {
			isa = PBXGroup;
			children = (
				A00E9CEE171646C0000CA587 /* EUExDemo-Prefix.pch */,
			);
			name = "Supporting Files";
			sourceTree = "<group>";
		};
		A068335F18D1425B000647D9 /* JSON */ = {
			isa = PBXGroup;
			children = (
				A068336018D1425B000647D9 /* JSON.h */,
				A068336118D1425B000647D9 /* JSONParser.h */,
				A068336218D1425B000647D9 /* NSObject+SBJSON.h */,
				A068336318D1425B000647D9 /* NSString+SBJSON.h */,
				A068336418D1425B000647D9 /* SBJSON.h */,
				A068336518D1425B000647D9 /* SBJsonBase.h */,
				A068336618D1425B000647D9 /* SBJsonParser.h */,
				A068336718D1425B000647D9 /* SBJsonWriter.h */,
			);
			path = JSON;
			sourceTree = "<group>";
		};
/* End PBXGroup section */

/* Begin PBXNativeTarget section */
		A00E9CE6171646C0000CA587 /* EUExDemo */ = {
			isa = PBXNativeTarget;
			buildConfigurationList = A00E9CF5171646C0000CA587 /* Build configuration list for PBXNativeTarget "EUExDemo" */;
			buildPhases = (
				A00E9CE3171646C0000CA587 /* Sources */,
				A00E9CE4171646C0000CA587 /* Frameworks */,
				A00E9CE5171646C0000CA587 /* CopyFiles */,
			);
			buildRules = (
			);
			dependencies = (
			);
			name = EUExDemo;
			productName = EUExDemo;
			productReference = A00E9CE7171646C0000CA587 /* libuexDemo.a */;
			productType = "com.apple.product-type.library.static";
		};
/* End PBXNativeTarget section */

/* Begin PBXProject section */
		A00E9CDE171646C0000CA587 /* Project object */ = {
			isa = PBXProject;
			attributes = {
				LastUpgradeCheck = 0450;
				ORGANIZATIONNAME = hui.li;
			};
			buildConfigurationList = A00E9CE1171646C0000CA587 /* Build configuration list for PBXProject "EUExDemo" */;
			compatibilityVersion = "Xcode 3.2";
			developmentRegion = English;
			hasScannedForEncodings = 0;
			knownRegions = (
				en,
			);
			mainGroup = A00E9CDC171646C0000CA587;
			productRefGroup = A00E9CE8171646C0000CA587 /* Products */;
			projectDirPath = "";
			projectRoot = "";
			targets = (
				A00E9CE6171646C0000CA587 /* EUExDemo */,
			);
		};
/* End PBXProject section */

/* Begin PBXSourcesBuildPhase section */
		A00E9CE3171646C0000CA587 /* Sources */ = {
			isa = PBXSourcesBuildPhase;
			buildActionMask = 2147483647;
			files = (
				A00E9CF2171646C0000CA587 /* EUExDemo.m in Sources */,
			);
			runOnlyForDeploymentPostprocessing = 0;
		};
/* End PBXSourcesBuildPhase section */

/* Begin XCBuildConfiguration section */
		A00E9CF3171646C0000CA587 /* Debug */ = {
			isa = XCBuildConfiguration;
			buildSettings = {
				ALWAYS_SEARCH_USER_PATHS = NO;
				CLANG_CXX_LANGUAGE_STANDARD = "gnu++0x";
				CLANG_CXX_LIBRARY = "libc++";
				CLANG_WARN_EMPTY_BODY = YES;
				CLANG_WARN__DUPLICATE_METHOD_MATCH = YES;
				COPY_PHASE_STRIP = NO;
				GCC_C_LANGUAGE_STANDARD = gnu99;
				GCC_DYNAMIC_NO_PIC = NO;
				GCC_OPTIMIZATION_LEVEL = 0;
				GCC_PREPROCESSOR_DEFINITIONS = (
					"DEBUG=1",
					"$(inherited)",
				);
				GCC_SYMBOLS_PRIVATE_EXTERN = NO;
				GCC_WARN_ABOUT_RETURN_TYPE = YES;
				GCC_WARN_UNINITIALIZED_AUTOS = YES;
				GCC_WARN_UNUSED_VARIABLE = YES;
				IPHONEOS_DEPLOYMENT_TARGET = 4.3;
				ONLY_ACTIVE_ARCH = YES;
				PRODUCT_NAME = uexDemo;
				SDKROOT = iphoneos;
			};
			name = Debug;
		};
		A00E9CF4171646C0000CA587 /* Release */ = {
			isa = XCBuildConfiguration;
			buildSettings = {
				ALWAYS_SEARCH_USER_PATHS = NO;
				CLANG_CXX_LANGUAGE_STANDARD = "gnu++0x";
				CLANG_CXX_LIBRARY = "libc++";
				CLANG_WARN_EMPTY_BODY = YES;
				CLANG_WARN__DUPLICATE_METHOD_MATCH = YES;
				COPY_PHASE_STRIP = YES;
				GCC_C_LANGUAGE_STANDARD = gnu99;
				GCC_WARN_ABOUT_RETURN_TYPE = YES;
				GCC_WARN_UNINITIALIZED_AUTOS = YES;
				GCC_WARN_UNUSED_VARIABLE = YES;
				IPHONEOS_DEPLOYMENT_TARGET = 4.3;
				PRODUCT_NAME = uexDemo;
				SDKROOT = iphoneos;
				VALIDATE_PRODUCT = YES;
			};
			name = Release;
		};
		A00E9CF6171646C0000CA587 /* Debug */ = {
			isa = XCBuildConfiguration;
			buildSettings = {
				DSTROOT = /tmp/EUExDemo.dst;
				GCC_PRECOMPILE_PREFIX_HEADER = YES;
				GCC_PREFIX_HEADER = "EUExDemo/EUExDemo-Prefix.pch";
				ONLY_ACTIVE_ARCH = NO;
				OTHER_LDFLAGS = "-ObjC";
				PRODUCT_NAME = uexDemo;
				SKIP_INSTALL = YES;
			};
			name = Debug;
		};
		A00E9CF7171646C0000CA587 /* Release */ = {
			isa = XCBuildConfiguration;
			buildSettings = {
				DSTROOT = /tmp/EUExDemo.dst;
				GCC_PRECOMPILE_PREFIX_HEADER = YES;
				GCC_PREFIX_HEADER = "EUExDemo/EUExDemo-Prefix.pch";
				ONLY_ACTIVE_ARCH = NO;
				OTHER_LDFLAGS = "-ObjC";
				PRODUCT_NAME = uexDemo;
				SKIP_INSTALL = YES;
			};
			name = Release;
		};
/* End XCBuildConfiguration section */

/* Begin XCConfigurationList section */
		A00E9CE1171646C0000CA587 /* Build configuration list for PBXProject "EUExDemo" */ = {
			isa = XCConfigurationList;
			buildConfigurations = (
				A00E9CF3171646C0000CA587 /* Debug */,
				A00E9CF4171646C0000CA587 /* Release */,
			);
			defaultConfigurationIsVisible = 0;
			defaultConfigurationName = Release;
		};
		A00E9CF5171646C0000CA587 /* Build configuration list for PBXNativeTarget "EUExDemo" */ = {
			isa = XCConfigurationList;
			buildConfigurations = (
				A00E9CF6171646C0000CA587 /* Debug */,
				A00E9CF7171646C0000CA587 /* Release */,
			);
			defaultConfigurationIsVisible = 0;
			defaultConfigurationName = Release;
		};
/* End XCConfigurationList section */
	};
	rootObject = A00E9CDE171646C0000CA587 /* Project object */;
}
